
Microsoft Visual Studio Solution File, Format Version 12.00
# Visual Studio 2012
Project("{FAE04EC0-301F-11D3-BF4B-00C04F79EFBC}") = "Guerra", "Guerra\Guerra.csproj", "{77EF2925-1AAF-4C76-9C00-44B5E2F90ECF}"
EndProject
Global
	GlobalSection(SolutionConfigurationPlatforms) = preSolution
		Debug|Any CPU = Debug|Any CPU
		Release|Any CPU = Release|Any CPU
	EndGlobalSection
	GlobalSection(ProjectConfigurationPlatforms) = postSolution
		{77EF2925-1AAF-4C76-9C00-44B5E2F90ECF}.Debug|Any CPU.ActiveCfg = Debug|Any CPU
		{77EF2925-1AAF-4C76-9C00-44B5E2F90ECF}.Debug|Any CPU.Build.0 = Debug|Any CPU
		{77EF2925-1AAF-4C76-9C00-44B5E2F90ECF}.Release|Any CPU.ActiveCfg = Release|Any CPU
		{77EF2925-1AAF-4C76-9C00-44B5E2F90ECF}.Release|Any CPU.Build.0 = Release|Any CPU
	EndGlobalSection
	GlobalSection(SolutionProperties) = preSolution
		HideSolutionNode = FALSE
	EndGlobalSection
EndGlobal
